
Microsoft Visual Studio Solution File, Format Version 12.00
# Visual Studio Version 17
VisualStudioVersion = 17.4.33403.182
MinimumVisualStudioVersion = 10.0.40219.1
Project("{FAE04EC0-301F-11D3-BF4B-00C04F79EFBC}") = "Zadatak1", "Zadatak1\Zadatak1.csproj", "{97BC62F8-34DA-46A0-AC20-44420F0F75AD}"
EndProject
Global
	GlobalSection(SolutionConfigurationPlatforms) = preSolution
		Debug|Any CPU = Debug|Any CPU
		Release|Any CPU = Release|Any CPU
	EndGlobalSection
	GlobalSection(ProjectConfigurationPlatforms) = postSolution
		{97BC62F8-34DA-46A0-AC20-44420F0F75AD}.Debug|Any CPU.ActiveCfg = Debug|Any CPU
		{97BC62F8-34DA-46A0-AC20-44420F0F75AD}.Debug|Any CPU.Build.0 = Debug|Any CPU
		{97BC62F8-34DA-46A0-AC20-44420F0F75AD}.Release|Any CPU.ActiveCfg = Release|Any CPU
		{97BC62F8-34DA-46A0-AC20-44420F0F75AD}.Release|Any CPU.Build.0 = Release|Any CPU
	EndGlobalSection
	GlobalSection(SolutionProperties) = preSolution
		HideSolutionNode = FALSE
	EndGlobalSection
	GlobalSection(ExtensibilityGlobals) = postSolution
		SolutionGuid = {B93522A2-60D1-42B0-B746-6E9E90A05009}
	EndGlobalSection
EndGlobal
